
Microsoft Visual Studio Solution File, Format Version 12.00
# Visual Studio Version 16
VisualStudioVersion = 16.0.29319.158
MinimumVisualStudioVersion = 10.0.40219.1
Project("{FAE04EC0-301F-11D3-BF4B-00C04F79EFBC}") = "DotNetConf2019.NullableReferences", "DotNetConf2019\DotNetConf2019.NullableReferences.csproj", "{9A75831C-38B2-4377-BBE0-5577DB9DB343}"
EndProject
Project("{FAE04EC0-301F-11D3-BF4B-00C04F79EFBC}") = "DotNetConf2019.Features", "DotNetConf2019.Features\DotNetConf2019.Features.csproj", "{F51DA23E-A61A-459F-93BC-EDB5896F959C}"
EndProject
Global
	GlobalSection(SolutionConfigurationPlatforms) = preSolution
		Debug|Any CPU = Debug|Any CPU
		Release|Any CPU = Release|Any CPU
	EndGlobalSection
	GlobalSection(ProjectConfigurationPlatforms) = postSolution
		{9A75831C-38B2-4377-BBE0-5577DB9DB343}.Debug|Any CPU.ActiveCfg = Debug|Any CPU
		{9A75831C-38B2-4377-BBE0-5577DB9DB343}.Debug|Any CPU.Build.0 = Debug|Any CPU
		{9A75831C-38B2-4377-BBE0-5577DB9DB343}.Release|Any CPU.ActiveCfg = Release|Any CPU
		{9A75831C-38B2-4377-BBE0-5577DB9DB343}.Release|Any CPU.Build.0 = Release|Any CPU
		{F51DA23E-A61A-459F-93BC-EDB5896F959C}.Debug|Any CPU.ActiveCfg = Debug|Any CPU
		{F51DA23E-A61A-459F-93BC-EDB5896F959C}.Debug|Any CPU.Build.0 = Debug|Any CPU
		{F51DA23E-A61A-459F-93BC-EDB5896F959C}.Release|Any CPU.ActiveCfg = Release|Any CPU
		{F51DA23E-A61A-459F-93BC-EDB5896F959C}.Release|Any CPU.Build.0 = Release|Any CPU
	EndGlobalSection
	GlobalSection(SolutionProperties) = preSolution
		HideSolutionNode = FALSE
	EndGlobalSection
	GlobalSection(ExtensibilityGlobals) = postSolution
		SolutionGuid = {89A89A70-96E1-48BF-85A8-0CBCB4ECEDD5}
	EndGlobalSection
EndGlobal
